
Microsoft Visual Studio Solution File, Format Version 12.00
# Visual Studio 2013
VisualStudioVersion = 12.0.30501.0
MinimumVisualStudioVersion = 10.0.40219.1
Project("{FAE04EC0-301F-11D3-BF4B-00C04F79EFBC}") = "DPWork01", "DPWork01\DPWork01.csproj", "{14D06CA3-679A-4A49-9DED-FC1A13AC12CA}"
EndProject
Global
	GlobalSection(SolutionConfigurationPlatforms) = preSolution
		Debug|Any CPU = Debug|Any CPU
		Release|Any CPU = Release|Any CPU
	EndGlobalSection
	GlobalSection(ProjectConfigurationPlatforms) = postSolution
		{14D06CA3-679A-4A49-9DED-FC1A13AC12CA}.Debug|Any CPU.ActiveCfg = Debug|Any CPU
		{14D06CA3-679A-4A49-9DED-FC1A13AC12CA}.Debug|Any CPU.Build.0 = Debug|Any CPU
		{14D06CA3-679A-4A49-9DED-FC1A13AC12CA}.Release|Any CPU.ActiveCfg = Release|Any CPU
		{14D06CA3-679A-4A49-9DED-FC1A13AC12CA}.Release|Any CPU.Build.0 = Release|Any CPU
	EndGlobalSection
	GlobalSection(SolutionProperties) = preSolution
		HideSolutionNode = FALSE
	EndGlobalSection
EndGlobal
