
Microsoft Visual Studio Solution File, Format Version 12.00
# Visual Studio 2013
VisualStudioVersion = 12.0.30501.0
MinimumVisualStudioVersion = 10.0.40219.1
Project("{FAE04EC0-301F-11D3-BF4B-00C04F79EFBC}") = "C17 Ex01 Opal 308345438 Liran 201392131", "C17 Ex01 Opal 308345438 Liran 201392131\C17 Ex01 Opal 308345438 Liran 201392131.csproj", "{88558D7B-AEA1-4E97-94F8-5FBEB46A3700}"
EndProject
Global
	GlobalSection(SolutionConfigurationPlatforms) = preSolution
		Debug|Any CPU = Debug|Any CPU
		Release|Any CPU = Release|Any CPU
	EndGlobalSection
	GlobalSection(ProjectConfigurationPlatforms) = postSolution
		{88558D7B-AEA1-4E97-94F8-5FBEB46A3700}.Debug|Any CPU.ActiveCfg = Debug|Any CPU
		{88558D7B-AEA1-4E97-94F8-5FBEB46A3700}.Debug|Any CPU.Build.0 = Debug|Any CPU
		{88558D7B-AEA1-4E97-94F8-5FBEB46A3700}.Release|Any CPU.ActiveCfg = Release|Any CPU
		{88558D7B-AEA1-4E97-94F8-5FBEB46A3700}.Release|Any CPU.Build.0 = Release|Any CPU
	EndGlobalSection
	GlobalSection(SolutionProperties) = preSolution
		HideSolutionNode = FALSE
	EndGlobalSection
EndGlobal
